{
    "name": "tree-sitter-raven",
    "version": "0.1.0",
    "lockfileVersion": 3,
    "requires": true,
    "packages": {
        "": {
            "name": "tree-sitter-raven",
            "version": "0.1.0",
            "dependencies": {
                "nan": "^2.22.0"
            },
            "devDependencies": {
                "tree-sitter": "0.22.0"
            }
        },
        "node_modules/nan": {
            "version": "2.22.0",
            "resolved": "https://registry.npmjs.org/nan/-/nan-2.22.0.tgz",
            "integrity": "sha512-nbajikzWTMwsW+eSsNm3QwlOs7het9gGJU5dDZzRTQGk03vyBOauxgI4VakDzE0PtsGTmXPsXTbbjVhRwR5mpw==",
            "license": "MIT"
        },
        "node_modules/node-addon-api": {
            "version": "8.2.1",
            "resolved": "https://registry.npmjs.org/node-addon-api/-/node-addon-api-8.2.1.tgz",
            "integrity": "sha512-vmEOvxwiH8tlOcv4SyE8RH34rI5/nWVaigUeAUPawC6f0+HoDthwI0vkMu4tbtsZrXq6QXFfrkhjofzKEs5tpA==",
            "dev": true,
            "license": "MIT",
            "engines": {
                "node": "^18 || ^20 || >= 21"
            }
        },
        "node_modules/node-gyp-build": {
            "version": "4.8.2",
            "resolved": "https://registry.npmjs.org/node-gyp-build/-/node-gyp-build-4.8.2.tgz",
            "integrity": "sha512-IRUxE4BVsHWXkV/SFOut4qTlagw2aM8T5/vnTsmrHJvVoKueJHRc/JaFND7QDDc61kLYUJ6qlZM3sqTSyx2dTw==",
            "dev": true,
            "license": "MIT",
            "bin": {
                "node-gyp-build": "bin.js",
                "node-gyp-build-optional": "optional.js",
                "node-gyp-build-test": "build-test.js"
            }
        },
        "node_modules/tree-sitter": {
            "version": "0.22.0",
            "resolved": "https://registry.npmjs.org/tree-sitter/-/tree-sitter-0.22.0.tgz",
            "integrity": "sha512-tjRAT4tlIXrRw0zgqkA6j9z526icVDas6g/0whwlllu2hF3j6HuMI3WDUfcxTkf1oTbpd+kwJE/0owNJMN73QA==",
            "dev": true,
            "hasInstallScript": true,
            "license": "MIT",
            "dependencies": {
                "node-addon-api": "^8.2.1",
                "node-gyp-build": "^4.8.2"
            }
        }
    }
}
